
Microsoft Visual Studio Solution File, Format Version 12.00
# Visual Studio 2012
Project("{FAE04EC0-301F-11D3-BF4B-00C04F79EFBC}") = "TplExample", "TplExample\TplExample.csproj", "{AD2B7137-F047-4D9B-9BEC-4421C46762FE}"
EndProject
Global
	GlobalSection(SolutionConfigurationPlatforms) = preSolution
		Debug|Any CPU = Debug|Any CPU
		Release|Any CPU = Release|Any CPU
	EndGlobalSection
	GlobalSection(ProjectConfigurationPlatforms) = postSolution
		{AD2B7137-F047-4D9B-9BEC-4421C46762FE}.Debug|Any CPU.ActiveCfg = Debug|Any CPU
		{AD2B7137-F047-4D9B-9BEC-4421C46762FE}.Debug|Any CPU.Build.0 = Debug|Any CPU
		{AD2B7137-F047-4D9B-9BEC-4421C46762FE}.Release|Any CPU.ActiveCfg = Release|Any CPU
		{AD2B7137-F047-4D9B-9BEC-4421C46762FE}.Release|Any CPU.Build.0 = Release|Any CPU
	EndGlobalSection
	GlobalSection(SolutionProperties) = preSolution
		HideSolutionNode = FALSE
	EndGlobalSection
EndGlobal
