
Microsoft Visual Studio Solution File, Format Version 12.00
# Visual Studio 2012
Project("{FAE04EC0-301F-11D3-BF4B-00C04F79EFBC}") = "ObjectRealityModeling2", "ObjectRealityModeling2\ObjectRealityModeling2.csproj", "{69E62FCE-759C-48CE-A397-7BD54E16946C}"
EndProject
Global
	GlobalSection(SolutionConfigurationPlatforms) = preSolution
		Debug|Any CPU = Debug|Any CPU
		Release|Any CPU = Release|Any CPU
	EndGlobalSection
	GlobalSection(ProjectConfigurationPlatforms) = postSolution
		{69E62FCE-759C-48CE-A397-7BD54E16946C}.Debug|Any CPU.ActiveCfg = Debug|Any CPU
		{69E62FCE-759C-48CE-A397-7BD54E16946C}.Debug|Any CPU.Build.0 = Debug|Any CPU
		{69E62FCE-759C-48CE-A397-7BD54E16946C}.Release|Any CPU.ActiveCfg = Release|Any CPU
		{69E62FCE-759C-48CE-A397-7BD54E16946C}.Release|Any CPU.Build.0 = Release|Any CPU
	EndGlobalSection
	GlobalSection(SolutionProperties) = preSolution
		HideSolutionNode = FALSE
	EndGlobalSection
EndGlobal
